github.com/dineshr93/sw360API/lib v0.0.0-20230804200302-2c00d32e7024 h1:0cm3KybuFJ61kziIEapL4RACmdqytlafcHDmlKqEtYI=
github.com/dineshr93/sw360API/lib v0.0.0-20230804200302-2c00d32e7024/go.mod h1:HFA/oj+OmueGNqGrRDs36Uv58r4E6EZ/CqcQGB2h974=
gopkg.in/check.v1 v0.0.0-20161208181325-20d25e280405 h1:yhCVgyC4o1eVCa2tZl7eS0r+SDo693bJlVdllGtEeKM=
gopkg.in/check.v1 v0.0.0-20161208181325-20d25e280405/go.mod h1:Co6ibVJAznAaIkqp8huTwlJQCZ016jof/cbN4VW5Yz0=
gopkg.in/yaml.v3 v3.0.1 h1:fxVm/GzAzEWqLHuvctI91KS9hhNmmWOoWu0XTYJS7CA=
gopkg.in/yaml.v3 v3.0.1/go.mod h1:K4uyk7z7BCEPqu6E+C64Yfv1cQ7kz7rIZviUmN+EgEM=
