github.com/dineshr93/sw360api/lib v0.0.0-20230804235353-f1917c9d75cd h1:PztJN8+yLhZeVPsybIZtQAHUVd3O/cDmdQoOxzY55YM=
github.com/dineshr93/sw360api/lib v0.0.0-20230804235353-f1917c9d75cd/go.mod h1:WnVK3oxw2W2V2V/qOpwbyEH2p5MQ5Vd2wT48GhvRdVs=
github.com/dineshr93/sw360api/lib/model v0.0.0-20230804235353-f1917c9d75cd h1:v9DcT1JIACYciUoXqkmyKB1Ab3bek8FETRZOpkduLAg=
github.com/dineshr93/sw360api/lib/model v0.0.0-20230804235353-f1917c9d75cd/go.mod h1:GbQjcX36xhtbwrnpN5YByZEgnPyXY3W0AlABxWKVBTc=
gopkg.in/check.v1 v0.0.0-20161208181325-20d25e280405 h1:yhCVgyC4o1eVCa2tZl7eS0r+SDo693bJlVdllGtEeKM=
gopkg.in/check.v1 v0.0.0-20161208181325-20d25e280405/go.mod h1:Co6ibVJAznAaIkqp8huTwlJQCZ016jof/cbN4VW5Yz0=
gopkg.in/yaml.v3 v3.0.1 h1:fxVm/GzAzEWqLHuvctI91KS9hhNmmWOoWu0XTYJS7CA=
gopkg.in/yaml.v3 v3.0.1/go.mod h1:K4uyk7z7BCEPqu6E+C64Yfv1cQ7kz7rIZviUmN+EgEM=
